
Microsoft Visual Studio Solution File, Format Version 12.00
Project("{F2A71F9B-5D33-465A-A702-920D77279786}") = "PhysicsSimulator", "PhysicsSimulator\PhysicsSimulator.fsproj", "{9FEA8A97-CE48-4A17-9792-0B8AB14D9BC2}"
EndProject
Project("{F2A71F9B-5D33-465A-A702-920D77279786}") = "Gui", "Gui\Gui.fsproj", "{094286F2-3439-498B-89AC-9C372B9F8CCF}"
EndProject
Project("{F2A71F9B-5D33-465A-A702-920D77279786}") = "PhysicsSimulatorCore", "PhysicsSimulatorCore\PhysicsSimulatorCore.fsproj", "{0A968E61-24F1-47DB-A9C0-AEE22A280615}"
EndProject
Project("{FAE04EC0-301F-11D3-BF4B-00C04F79EFBC}") = "Gui2", "Gui2\Gui2.csproj", "{E0136E4D-3D4B-48B9-AD2F-3E8329421BD6}"
EndProject
Project("{F2A71F9B-5D33-465A-A702-920D77279786}") = "PhisicsSimulator.Tests", "PhisicsSimulator.Tests\PhisicsSimulator.Tests.fsproj", "{26B77739-B1F4-4A51-BC5E-2746AC7619C9}"
EndProject
Global
	GlobalSection(SolutionConfigurationPlatforms) = preSolution
		Debug|Any CPU = Debug|Any CPU
		Release|Any CPU = Release|Any CPU
	EndGlobalSection
	GlobalSection(ProjectConfigurationPlatforms) = postSolution
		{9FEA8A97-CE48-4A17-9792-0B8AB14D9BC2}.Debug|Any CPU.ActiveCfg = Debug|Any CPU
		{9FEA8A97-CE48-4A17-9792-0B8AB14D9BC2}.Debug|Any CPU.Build.0 = Debug|Any CPU
		{9FEA8A97-CE48-4A17-9792-0B8AB14D9BC2}.Release|Any CPU.ActiveCfg = Release|Any CPU
		{9FEA8A97-CE48-4A17-9792-0B8AB14D9BC2}.Release|Any CPU.Build.0 = Release|Any CPU
		{094286F2-3439-498B-89AC-9C372B9F8CCF}.Debug|Any CPU.ActiveCfg = Debug|Any CPU
		{094286F2-3439-498B-89AC-9C372B9F8CCF}.Debug|Any CPU.Build.0 = Debug|Any CPU
		{094286F2-3439-498B-89AC-9C372B9F8CCF}.Release|Any CPU.ActiveCfg = Release|Any CPU
		{094286F2-3439-498B-89AC-9C372B9F8CCF}.Release|Any CPU.Build.0 = Release|Any CPU
		{0A968E61-24F1-47DB-A9C0-AEE22A280615}.Debug|Any CPU.ActiveCfg = Debug|Any CPU
		{0A968E61-24F1-47DB-A9C0-AEE22A280615}.Debug|Any CPU.Build.0 = Debug|Any CPU
		{0A968E61-24F1-47DB-A9C0-AEE22A280615}.Release|Any CPU.ActiveCfg = Release|Any CPU
		{0A968E61-24F1-47DB-A9C0-AEE22A280615}.Release|Any CPU.Build.0 = Release|Any CPU
		{E0136E4D-3D4B-48B9-AD2F-3E8329421BD6}.Debug|Any CPU.ActiveCfg = Debug|Any CPU
		{E0136E4D-3D4B-48B9-AD2F-3E8329421BD6}.Debug|Any CPU.Build.0 = Debug|Any CPU
		{E0136E4D-3D4B-48B9-AD2F-3E8329421BD6}.Release|Any CPU.ActiveCfg = Release|Any CPU
		{E0136E4D-3D4B-48B9-AD2F-3E8329421BD6}.Release|Any CPU.Build.0 = Release|Any CPU
		{26B77739-B1F4-4A51-BC5E-2746AC7619C9}.Debug|Any CPU.ActiveCfg = Debug|Any CPU
		{26B77739-B1F4-4A51-BC5E-2746AC7619C9}.Debug|Any CPU.Build.0 = Debug|Any CPU
		{26B77739-B1F4-4A51-BC5E-2746AC7619C9}.Release|Any CPU.ActiveCfg = Release|Any CPU
		{26B77739-B1F4-4A51-BC5E-2746AC7619C9}.Release|Any CPU.Build.0 = Release|Any CPU
	EndGlobalSection
EndGlobal
